Microsoft Visual Studio Solution File, Format Version 11.00
# Visual Studio 2008

Project("{2751D8A4-A277-9360-4783-C3CF8FA56238}") = "Mapper", "Assembly-CSharp-vs.csproj", "{DD3C8C2B-B003-EE21-43AB-324059B9AA6C}"
EndProject
Global
	GlobalSection(SolutionConfigurationPlatforms) = preSolution
		Debug|Any CPU = Debug|Any CPU
		Release|Any CPU = Release|Any CPU
	EndGlobalSection
	GlobalSection(ProjectConfigurationPlatforms) = postSolution
		{DD3C8C2B-B003-EE21-43AB-324059B9AA6C}.Debug|Any CPU.ActiveCfg = Debug|Any CPU
		{DD3C8C2B-B003-EE21-43AB-324059B9AA6C}.Debug|Any CPU.Build.0 = Debug|Any CPU
		{DD3C8C2B-B003-EE21-43AB-324059B9AA6C}.Release|Any CPU.ActiveCfg = Release|Any CPU
		{DD3C8C2B-B003-EE21-43AB-324059B9AA6C}.Release|Any CPU.Build.0 = Release|Any CPU
	EndGlobalSection
	GlobalSection(SolutionProperties) = preSolution
		HideSolutionNode = FALSE
	EndGlobalSection
																																																																																																																																																																																																																	GlobalSection(MonoDevelopProperties) = preSolution
		StartupItem = Assembly-CSharp.csproj
		Policies = $0
		$0.TextStylePolicy = $1
		$1.inheritsSet = null
		$1.scope = text/x-csharp
		$0.CSharpFormattingPolicy = $2
		$2.inheritsSet = Mono
		$2.inheritsScope = text/x-csharp
		$2.scope = text/x-csharp
		$0.TextStylePolicy = $3
		$3.FileWidth = 120
		$3.TabWidth = 4
		$3.EolMarker = Unix
		$3.inheritsSet = Mono
		$3.inheritsScope = text/plain
		$3.scope = text/plain
	EndGlobalSection

EndGlobal
